{
  "version": 2,
  "dependencies": {
    "net9.0": {
      "DotNet.ReproducibleBuilds.Isolated": {
        "type": "Direct",
        "requested": "[2.0.2, )",
        "resolved": "2.0.2",
        "contentHash": "5jWfUacx6T8solcE3qkhigeCLz/PK50MOgmyf3aauKZP8LxOC2b7wmXU65Okx+9n0Nd355ShrDZ0NIKK4njvag=="
      },
      "Microsoft.AspNetCore.SignalR.StackExchangeRedis": {
        "type": "Direct",
        "requested": "[9.0.13, )",
        "resolved": "9.0.13",
        "contentHash": "8j3K05l+IpjiVlUI4eDxmZDOXynnkqvXGez9if28NQLXfMOlOydm0b6zEAF6bdG21x5bTy/X7CZZq9bOsv/+OQ==",
        "dependencies": {
          "MessagePack": "2.5.187",
          "Microsoft.Extensions.Options": "9.0.13",
          "StackExchange.Redis": "2.7.27"
        }
      },
      "MessagePack.Annotations": {
        "type": "Transitive",
        "resolved": "3.1.4",
        "contentHash": "aVWrDAkCdqxwQsz/q0ldPh2EFn48M99YUzE9OvZjMq2RNLKz4o2z88iGFvSvbMqOWRweRvKPHBJZe22PRqzslQ=="
      },
      "MessagePackAnalyzer": {
        "type": "Transitive",
        "resolved": "3.1.4",
        "contentHash": "CTaSsN/liJ7MhLCAB7Z4ZLBNuVGCq9lt2BT/cbrc9vzGv89yK3CqIA+z9T19a11eQYl9etZHL6MQJgCqECRVpg=="
      },
      "Microsoft.Extensions.Configuration.Abstractions": {
        "type": "Transitive",
        "resolved": "8.0.0",
        "contentHash": "3lE/iLSutpgX1CC0NOW70FJoGARRHbyKmG7dc0klnUZ9Dd9hS6N/POPWhKhMLCEuNN5nXEY5agmlFtH562vqhQ==",
        "dependencies": {
          "Microsoft.Extensions.Primitives": "8.0.0"
        }
      },
      "Microsoft.Extensions.DependencyInjection.Abstractions": {
        "type": "Transitive",
        "resolved": "9.0.13",
        "contentHash": "HyJoV/UcJr71gPs9ot3GFJG2yyYxoBNTvp48xVJn37FRLeJZithg74aUNZQRCJgk0yG6LbgDlXDJJwG3QFnoyQ=="
      },
      "Microsoft.Extensions.Diagnostics.Abstractions": {
        "type": "Transitive",
        "resolved": "8.0.0",
        "contentHash": "JHYCQG7HmugNYUhOl368g+NMxYE/N/AiclCYRNlgCY9eVyiBkOHMwK4x60RYMxv9EL3+rmj1mqHvdCiPpC+D4Q==",
        "dependencies": {
          "Microsoft.Extensions.DependencyInjection.Abstractions": "8.0.0",
          "Microsoft.Extensions.Options": "8.0.0",
          "System.Diagnostics.DiagnosticSource": "8.0.0"
        }
      },
      "Microsoft.Extensions.FileProviders.Abstractions": {
        "type": "Transitive",
        "resolved": "8.0.0",
        "contentHash": "ZbaMlhJlpisjuWbvXr4LdAst/1XxH3vZ6A0BsgTphZ2L4PGuxRLz7Jr/S7mkAAnOn78Vu0fKhEgNF5JO3zfjqQ==",
        "dependencies": {
          "Microsoft.Extensions.Primitives": "8.0.0"
        }
      },
      "Microsoft.Extensions.Hosting.Abstractions": {
        "type": "Transitive",
        "resolved": "8.0.0",
        "contentHash": "AG7HWwVRdCHlaA++1oKDxLsXIBxmDpMPb3VoyOoAghEWnkUvEAdYQUwnV4jJbAaa/nMYNiEh5ByoLauZBEiovg==",
        "dependencies": {
          "Microsoft.Extensions.Configuration.Abstractions": "8.0.0",
          "Microsoft.Extensions.DependencyInjection.Abstractions": "8.0.0",
          "Microsoft.Extensions.Diagnostics.Abstractions": "8.0.0",
          "Microsoft.Extensions.FileProviders.Abstractions": "8.0.0",
          "Microsoft.Extensions.Logging.Abstractions": "8.0.0"
        }
      },
      "Microsoft.Extensions.Logging.Abstractions": {
        "type": "Transitive",
        "resolved": "8.0.0",
        "contentHash": "arDBqTgFCyS0EvRV7O3MZturChstm50OJ0y9bDJvAcmEPJm0FFpFyjU/JLYyStNGGey081DvnQYlncNX5SJJGA==",
        "dependencies": {
          "Microsoft.Extensions.DependencyInjection.Abstractions": "8.0.0"
        }
      },
      "Microsoft.Extensions.Options": {
        "type": "Transitive",
        "resolved": "9.0.13",
        "contentHash": "MJ0afZ8YTPr+TQ0qN+vp4U1yqgj3ccIhq/sFkznMX/V/sPadIQuQJRNK9gWXUoJ03AQmAt31TXtSMuRX3IvaUw==",
        "dependencies": {
          "Microsoft.Extensions.DependencyInjection.Abstractions": "9.0.13",
          "Microsoft.Extensions.Primitives": "9.0.13"
        }
      },
      "Microsoft.Extensions.Primitives": {
        "type": "Transitive",
        "resolved": "9.0.13",
        "contentHash": "cqzLFZ6rIEX/N1mJAGN8HLqWhlks2G3eYO+9pCShMLqxeBLN7ndS+MbmxiuQiQ0Tj/Q3tVHRWx91n17yLczjmg=="
      },
      "Microsoft.NET.StringTools": {
        "type": "Transitive",
        "resolved": "17.11.4",
        "contentHash": "mudqUHhNpeqIdJoUx2YDWZO/I9uEDYVowan89R6wsomfnUJQk6HteoQTlNjZDixhT2B4IXMkMtgZtoceIjLRmA=="
      },
      "NATS.Client.Abstractions": {
        "type": "Transitive",
        "resolved": "2.7.2",
        "contentHash": "rmTLKjqNCgmloOFRYkg9NRrYXFKpjqlxbbCQrCEYckiRtU8I38Vf9B3sT7wiG34lmc//l0hLQLQRv9emcDjRvA=="
      },
      "NATS.Client.Core": {
        "type": "Transitive",
        "resolved": "2.7.2",
        "contentHash": "la0KCjuoMkOQkhf+uzIc+79GYxx2q6LBoFOT+q91LhpziPJbRgtKRBpvCkAmd+1GuYdB+IZmUAgXVp2Z+Fk7kQ==",
        "dependencies": {
          "Microsoft.Extensions.Logging.Abstractions": "6.0.1",
          "Microsoft.Extensions.Primitives": "6.0.0",
          "NATS.Client.Abstractions": "2.7.2",
          "System.IO.Pipelines": "8.0.0"
        }
      },
      "NATS.Client.Hosting": {
        "type": "Transitive",
        "resolved": "2.7.2",
        "contentHash": "cH5JY3x57knW6kIrmVRe0e1FsJZOa2rMxeEzpGsomuMyELjCZAjU2swV4VlT9ZCk4tiHrafXn14icX8UoQyDmQ==",
        "dependencies": {
          "Microsoft.Extensions.Hosting.Abstractions": "8.0.0",
          "NATS.Client.Core": "2.7.2"
        }
      },
      "NATS.Client.JetStream": {
        "type": "Transitive",
        "resolved": "2.7.2",
        "contentHash": "1naI0Z42QYke5qFWkuYnJ59V5jX0471/Wa06jbqQtoCmPUMbDZwL/zGPvWyMk+Cz02VuYJlhSMwE+Gw8nQJFVQ==",
        "dependencies": {
          "NATS.Client.Core": "2.7.2"
        }
      },
      "NATS.Client.KeyValueStore": {
        "type": "Transitive",
        "resolved": "2.7.2",
        "contentHash": "ZZpkiu+C02alZGJMslEmOlo3yZxil2siu5etEMUbHrAo4uZmeUVhRqu8+eoKpc5q5Bb23yqgHnFhDwb7DmoeoA==",
        "dependencies": {
          "NATS.Client.JetStream": "2.7.2"
        }
      },
      "NATS.Client.ObjectStore": {
        "type": "Transitive",
        "resolved": "2.7.2",
        "contentHash": "nOyKFnnYB6ZP4dU9z+rZcSdw9yr9vWv0hTYBwd80jL02RBruF/uL6ot3Pj/IAEXcYfldrz43il3IAyvV1Uzc3g==",
        "dependencies": {
          "NATS.Client.JetStream": "2.7.2"
        }
      },
      "NATS.Client.Serializers.Json": {
        "type": "Transitive",
        "resolved": "2.7.2",
        "contentHash": "aWRhN7xMfH3bVtUCUBmZGjBS7WtciLUGowJDjCg1Lw+lP9wZpBiqUFg2J50jxv7PiwJzxaEdNbZgAQ78P0PWqA==",
        "dependencies": {
          "NATS.Client.Abstractions": "2.7.2"
        }
      },
      "NATS.Client.Services": {
        "type": "Transitive",
        "resolved": "2.7.2",
        "contentHash": "RXXMfgojmi2UTNMJlyEW2gn9x7OBjITz31WyQ4Jziz+y0dNljUbSmCL3wcnIrChVhNNp/QEvpUYbhS2t1GxCEg==",
        "dependencies": {
          "NATS.Client.Core": "2.7.2"
        }
      },
      "NATS.Client.Simplified": {
        "type": "Transitive",
        "resolved": "2.7.2",
        "contentHash": "SW1PrEPBBMIrJ5ARIzL+chr5yhYySWQkDsDB9d9sJWgb2tkZ0tzYE+RFIrRoa38TgeAT6BV5zTYg26U912vl1w==",
        "dependencies": {
          "NATS.Client.Core": "2.7.2",
          "NATS.Client.Serializers.Json": "2.7.2"
        }
      },
      "Pipelines.Sockets.Unofficial": {
        "type": "Transitive",
        "resolved": "2.2.8",
        "contentHash": "zG2FApP5zxSx6OcdJQLbZDk2AVlN2BNQD6MorwIfV6gVj0RRxWPEp2LXAxqDGZqeNV1Zp0BNPcNaey/GXmTdvQ==",
        "dependencies": {
          "System.IO.Pipelines": "5.0.1"
        }
      },
      "StackExchange.Redis": {
        "type": "Transitive",
        "resolved": "2.7.27",
        "contentHash": "Uqc2OQHglqj9/FfGQ6RkKFkZfHySfZlfmbCl+hc+u2I/IqunfelQ7QJi7ZhvAJxUtu80pildVX6NPLdDaUffOw==",
        "dependencies": {
          "Microsoft.Extensions.Logging.Abstractions": "6.0.0",
          "Pipelines.Sockets.Unofficial": "2.2.8"
        }
      },
      "System.Diagnostics.DiagnosticSource": {
        "type": "Transitive",
        "resolved": "8.0.0",
        "contentHash": "c9xLpVz6PL9lp/djOWtk5KPDZq3cSYpmXoJQY524EOtuFl5z9ZtsotpsyrDW40U1DRnQSYvcPKEUV0X//u6gkQ=="
      },
      "System.IO.Pipelines": {
        "type": "Transitive",
        "resolved": "8.0.0",
        "contentHash": "FHNOatmUq0sqJOkTx+UF/9YK1f180cnW5FVqnQMvYUN0elp6wFzbtPSiqbo1/ru8ICp43JM1i7kKkk6GsNGHlA=="
      },
      "stebet.signalr.nats": {
        "type": "Project",
        "dependencies": {
          "MessagePack": "[3.1.4, )",
          "NATS.Net": "[2.7.2, )"
        }
      },
      "MessagePack": {
        "type": "CentralTransitive",
        "requested": "[3.1.4, )",
        "resolved": "3.1.4",
        "contentHash": "BH0wlHWmVoZpbAPyyt2Awbq30C+ZsS3eHSkYdnyUAbqVJ22fAJDzn2xTieBeoT5QlcBzp61vHcv878YJGfi3mg==",
        "dependencies": {
          "MessagePack.Annotations": "3.1.4",
          "MessagePackAnalyzer": "3.1.4",
          "Microsoft.NET.StringTools": "17.11.4"
        }
      },
      "NATS.Net": {
        "type": "CentralTransitive",
        "requested": "[2.7.2, )",
        "resolved": "2.7.2",
        "contentHash": "6B8RlcstYwgoKm9IXcZEDADpH93Hn6+LcvR8hvmFa8jzwshNlIArv8tL5jelJD+fQmnlymKoQYcZ5cL7J1bITw==",
        "dependencies": {
          "NATS.Client.Core": "2.7.2",
          "NATS.Client.Hosting": "2.7.2",
          "NATS.Client.JetStream": "2.7.2",
          "NATS.Client.KeyValueStore": "2.7.2",
          "NATS.Client.ObjectStore": "2.7.2",
          "NATS.Client.Serializers.Json": "2.7.2",
          "NATS.Client.Services": "2.7.2",
          "NATS.Client.Simplified": "2.7.2"
        }
      }
    }
  }
}