{
  "version": 2,
  "dependencies": {
    "net8.0": {
      "DotNet.ReproducibleBuilds.Isolated": {
        "type": "Direct",
        "requested": "[2.0.2, )",
        "resolved": "2.0.2",
        "contentHash": "5jWfUacx6T8solcE3qkhigeCLz/PK50MOgmyf3aauKZP8LxOC2b7wmXU65Okx+9n0Nd355ShrDZ0NIKK4njvag=="
      },
      "Microsoft.AspNetCore.SignalR.Client": {
        "type": "Direct",
        "requested": "[9.0.9, )",
        "resolved": "9.0.9",
        "contentHash": "xx1VCb/cxdOgKg+dQuTpZ3xR2/qpKvwD4iLIjFD+gDgsanVFtm/hEyfRg2nUUqF0UD9kyW0YUz2dsEL3GKjCGg==",
        "dependencies": {
          "Microsoft.AspNetCore.Http.Connections.Client": "9.0.9",
          "Microsoft.AspNetCore.SignalR.Client.Core": "9.0.9"
        }
      },
      "MessagePack.Annotations": {
        "type": "Transitive",
        "resolved": "3.1.3",
        "contentHash": "XTy4njgTAf6UVBKFj7c7ad5R0WVKbvAgkbYZy4f00kplzX2T3VOQ34AUke/Vn/QgQZ7ETdd34/IDWS3KBInSGA=="
      },
      "MessagePackAnalyzer": {
        "type": "Transitive",
        "resolved": "3.1.3",
        "contentHash": "19u1oVNv2brCs5F/jma8O8CnsKMMpYwNqD0CAEDEzvqwDTAhqC9r7xHZP4stPb3APs/ryO/zVn7LvjoEHfvs7Q=="
      },
      "Microsoft.AspNetCore.Connections.Abstractions": {
        "type": "Transitive",
        "resolved": "9.0.9",
        "contentHash": "bb9kWEjwFHfOxcflTdFjcYY0Cnvc0iqnEt5qQ3O73iKPx8v1jkc/LU5wohOCzIrhWsXREaLtQV1Y15SBISNJiA==",
        "dependencies": {
          "Microsoft.Bcl.AsyncInterfaces": "9.0.9",
          "Microsoft.Extensions.Features": "9.0.9",
          "System.IO.Pipelines": "9.0.9"
        }
      },
      "Microsoft.AspNetCore.Http.Connections.Client": {
        "type": "Transitive",
        "resolved": "9.0.9",
        "contentHash": "Ciahjlswi4hylLMfI/gNhNYPuBp0BMP2E/vcG3J7U+wZqSSq8tEeHahEG6h9RF5zPFEISroGOIM6l1uxCP1BfA==",
        "dependencies": {
          "Microsoft.AspNetCore.Http.Connections.Common": "9.0.9",
          "Microsoft.Extensions.Logging.Abstractions": "9.0.9",
          "Microsoft.Extensions.Options": "9.0.9",
          "System.Net.ServerSentEvents": "9.0.9"
        }
      },
      "Microsoft.AspNetCore.Http.Connections.Common": {
        "type": "Transitive",
        "resolved": "9.0.9",
        "contentHash": "S9ssCBd7Kc0sZN5kiHgvikyNqSI5bMyWYxrfl/Hu1S8ymwEhXFiDf2yFhgkapIiIHOXHjF7mgma2Gqmglivo5g==",
        "dependencies": {
          "Microsoft.AspNetCore.Connections.Abstractions": "9.0.9",
          "System.Text.Json": "9.0.9"
        }
      },
      "Microsoft.AspNetCore.SignalR.Client.Core": {
        "type": "Transitive",
        "resolved": "9.0.9",
        "contentHash": "DRSFXVLcgCkYGBb6vtBgYUec+QnCbtQnMabk4p5zbtrqsJ19Uvfk36zNeJKgsBGmNt5HouWPuuB7KJP+IHDAOw==",
        "dependencies": {
          "Microsoft.AspNetCore.SignalR.Common": "9.0.9",
          "Microsoft.AspNetCore.SignalR.Protocols.Json": "9.0.9",
          "Microsoft.Bcl.TimeProvider": "9.0.9",
          "Microsoft.Extensions.DependencyInjection": "9.0.9",
          "Microsoft.Extensions.Logging": "9.0.9",
          "System.Threading.Channels": "9.0.9"
        }
      },
      "Microsoft.AspNetCore.SignalR.Common": {
        "type": "Transitive",
        "resolved": "9.0.9",
        "contentHash": "Fv/0TLXCOSpLsgHvL/tMJh4RpU/Ew7p9xET5VGOFjyCLkeZTNeZivzdZ0lHgKpSsQPmxvS45Csuj3qbr1O8zSw==",
        "dependencies": {
          "Microsoft.AspNetCore.Connections.Abstractions": "9.0.9",
          "Microsoft.Extensions.Options": "9.0.9",
          "System.Text.Json": "9.0.9"
        }
      },
      "Microsoft.AspNetCore.SignalR.Protocols.Json": {
        "type": "Transitive",
        "resolved": "9.0.9",
        "contentHash": "8X46a+p6AHdMDs1gNxTzQ+8rzb+/GetBmWgymUCbS8sNi2XQLlPg2jNRWykhIxqIh3UbDYV9cKe4SDLsFYSRtw==",
        "dependencies": {
          "Microsoft.AspNetCore.SignalR.Common": "9.0.9"
        }
      },
      "Microsoft.Bcl.AsyncInterfaces": {
        "type": "Transitive",
        "resolved": "9.0.9",
        "contentHash": "HVLnwIccvmsAySQM8N8q468DA/W/OddDB6deWXZDF0VPOwZ0utnm0aErfX4LnNVnsThtoPyVH0kCPPcitGcUdQ=="
      },
      "Microsoft.Bcl.TimeProvider": {
        "type": "Transitive",
        "resolved": "9.0.9",
        "contentHash": "0TAZRyLLUpptBowj0AXKwTHoUuIe4T7iMLVq8jQ+gVdALOiq1XMug6urABAQGOz7v3zQzs6hjaOm9hVvhoprcQ=="
      },
      "Microsoft.Extensions.Configuration.Abstractions": {
        "type": "Transitive",
        "resolved": "8.0.0",
        "contentHash": "3lE/iLSutpgX1CC0NOW70FJoGARRHbyKmG7dc0klnUZ9Dd9hS6N/POPWhKhMLCEuNN5nXEY5agmlFtH562vqhQ==",
        "dependencies": {
          "Microsoft.Extensions.Primitives": "8.0.0"
        }
      },
      "Microsoft.Extensions.DependencyInjection": {
        "type": "Transitive",
        "resolved": "9.0.9",
        "contentHash": "zQV2WOSP+3z1EuK91ULxfGgo2Y75bTRnmJHp08+w/YXAyekZutX/qCd88/HOMNh35MDW9mJJJxPpMPS+1Rww8A==",
        "dependencies": {
          "Microsoft.Extensions.DependencyInjection.Abstractions": "9.0.9"
        }
      },
      "Microsoft.Extensions.DependencyInjection.Abstractions": {
        "type": "Transitive",
        "resolved": "9.0.9",
        "contentHash": "/hymojfWbE9AlDOa0mczR44m00Jj+T3+HZO0ZnVTI032fVycI0ZbNOVFP6kqZMcXiLSYXzR2ilcwaRi6dzeGyA=="
      },
      "Microsoft.Extensions.Diagnostics.Abstractions": {
        "type": "Transitive",
        "resolved": "8.0.0",
        "contentHash": "JHYCQG7HmugNYUhOl368g+NMxYE/N/AiclCYRNlgCY9eVyiBkOHMwK4x60RYMxv9EL3+rmj1mqHvdCiPpC+D4Q==",
        "dependencies": {
          "Microsoft.Extensions.DependencyInjection.Abstractions": "8.0.0",
          "Microsoft.Extensions.Options": "8.0.0",
          "System.Diagnostics.DiagnosticSource": "8.0.0"
        }
      },
      "Microsoft.Extensions.Features": {
        "type": "Transitive",
        "resolved": "9.0.9",
        "contentHash": "0MPp/tJ9cFsJCzEKG5g4fUSpwG7bAt9JGADPx5eAThWa9ii2wfOa6f3yxi1IoXWsWqVcq4xlRGrdUAZlpIYalw=="
      },
      "Microsoft.Extensions.FileProviders.Abstractions": {
        "type": "Transitive",
        "resolved": "8.0.0",
        "contentHash": "ZbaMlhJlpisjuWbvXr4LdAst/1XxH3vZ6A0BsgTphZ2L4PGuxRLz7Jr/S7mkAAnOn78Vu0fKhEgNF5JO3zfjqQ==",
        "dependencies": {
          "Microsoft.Extensions.Primitives": "8.0.0"
        }
      },
      "Microsoft.Extensions.Hosting.Abstractions": {
        "type": "Transitive",
        "resolved": "8.0.0",
        "contentHash": "AG7HWwVRdCHlaA++1oKDxLsXIBxmDpMPb3VoyOoAghEWnkUvEAdYQUwnV4jJbAaa/nMYNiEh5ByoLauZBEiovg==",
        "dependencies": {
          "Microsoft.Extensions.Configuration.Abstractions": "8.0.0",
          "Microsoft.Extensions.DependencyInjection.Abstractions": "8.0.0",
          "Microsoft.Extensions.Diagnostics.Abstractions": "8.0.0",
          "Microsoft.Extensions.FileProviders.Abstractions": "8.0.0",
          "Microsoft.Extensions.Logging.Abstractions": "8.0.0"
        }
      },
      "Microsoft.Extensions.Logging": {
        "type": "Transitive",
        "resolved": "9.0.9",
        "contentHash": "MaCB0Y9hNDs4YLu3HCJbo199WnJT8xSgajG1JYGANz9FkseQ5f3v/llu3HxLI6mjDlu7pa7ps9BLPWjKzsAAzQ==",
        "dependencies": {
          "Microsoft.Extensions.DependencyInjection": "9.0.9",
          "Microsoft.Extensions.Logging.Abstractions": "9.0.9",
          "Microsoft.Extensions.Options": "9.0.9"
        }
      },
      "Microsoft.Extensions.Logging.Abstractions": {
        "type": "Transitive",
        "resolved": "9.0.9",
        "contentHash": "FEgpSF+Z9StMvrsSViaybOBwR0f0ZZxDm8xV5cSOFiXN/t+ys+rwAlTd/6yG7Ld1gfppgvLcMasZry3GsI9lGA==",
        "dependencies": {
          "Microsoft.Extensions.DependencyInjection.Abstractions": "9.0.9",
          "System.Diagnostics.DiagnosticSource": "9.0.9"
        }
      },
      "Microsoft.Extensions.Options": {
        "type": "Transitive",
        "resolved": "9.0.9",
        "contentHash": "loxGGHE1FC2AefwPHzrjPq7X92LQm64qnU/whKfo6oWaceewPUVYQJBJs3S3E2qlWwnCpeZ+dGCPTX+5dgVAuQ==",
        "dependencies": {
          "Microsoft.Extensions.DependencyInjection.Abstractions": "9.0.9",
          "Microsoft.Extensions.Primitives": "9.0.9"
        }
      },
      "Microsoft.Extensions.Primitives": {
        "type": "Transitive",
        "resolved": "9.0.9",
        "contentHash": "z4pyMePOrl733ltTowbN565PxBw1oAr8IHmIXNDiDqd22nFpYltX9KhrNC/qBWAG1/Zx5MHX+cOYhWJQYCO/iw=="
      },
      "Microsoft.NET.StringTools": {
        "type": "Transitive",
        "resolved": "17.11.4",
        "contentHash": "mudqUHhNpeqIdJoUx2YDWZO/I9uEDYVowan89R6wsomfnUJQk6HteoQTlNjZDixhT2B4IXMkMtgZtoceIjLRmA=="
      },
      "NATS.Client.Core": {
        "type": "Transitive",
        "resolved": "2.6.0",
        "contentHash": "6mh+fSB9Fx6QfbYRjvswbWDgD04ePBYzB2yIY5GqzyUiUboqxpuOUDO2QOTNkwIqi8IpTMKcySAY+V/DvmvtQA==",
        "dependencies": {
          "Microsoft.Extensions.Logging.Abstractions": "6.0.1",
          "Microsoft.Extensions.Primitives": "6.0.0",
          "System.IO.Pipelines": "8.0.0",
          "System.Text.Json": "8.0.5"
        }
      },
      "NATS.Client.Hosting": {
        "type": "Transitive",
        "resolved": "2.6.0",
        "contentHash": "6pBqDLJL00eWdrcFkNWmTlCATep8fE/NWICtMQLHhgXTY9tf3sfq+7egkE61Z2MB8FgIq3QBPig38MXxVsuZmQ==",
        "dependencies": {
          "Microsoft.Extensions.Hosting.Abstractions": "8.0.0",
          "NATS.Client.Core": "2.6.0"
        }
      },
      "NATS.Client.JetStream": {
        "type": "Transitive",
        "resolved": "2.6.0",
        "contentHash": "3t5UJyN6nnsrDxWBxklNK06rnNL9aEjnzcOHCXRcZpcfFGeWFm4dG5UXtt7WiW69uWY4MHUlOcbuBKh5/rAuSQ==",
        "dependencies": {
          "NATS.Client.Core": "2.6.0"
        }
      },
      "NATS.Client.KeyValueStore": {
        "type": "Transitive",
        "resolved": "2.6.0",
        "contentHash": "/us915HAGYdGAdblH2857w3xapZupmU4vNDODMfysgcg/tLineOtQ2+FqcSrmCVJ6mILngeuHGTk5vghunTpog==",
        "dependencies": {
          "NATS.Client.JetStream": "2.6.0"
        }
      },
      "NATS.Client.ObjectStore": {
        "type": "Transitive",
        "resolved": "2.6.0",
        "contentHash": "+rKIaj3uiibXdh/nqKk6tHfXFwDeslgGFUHgd2RcbQ/rlLJ8eZQp2kFaaRqbAQ4dq1rV0aC10s0vxo9cI35ITg==",
        "dependencies": {
          "NATS.Client.JetStream": "2.6.0"
        }
      },
      "NATS.Client.Serializers.Json": {
        "type": "Transitive",
        "resolved": "2.6.0",
        "contentHash": "56vCnNVvUOh9xqSylBv/QSOATx9RCdLi/p0KgKY+b4CHGMJMD8jaknq39OBHuK4PemH8eVAYCezzz2BWLHnxoQ==",
        "dependencies": {
          "NATS.Client.Core": "2.6.0"
        }
      },
      "NATS.Client.Services": {
        "type": "Transitive",
        "resolved": "2.6.0",
        "contentHash": "STODcsNLqqhBHPuzuPLmdmjkZGKTk6T3iI22zGPlLzIuIjwsR2Qy732LethtqsbV/SW1/iG6Pho6wM1ZWiWuDw==",
        "dependencies": {
          "NATS.Client.Core": "2.6.0"
        }
      },
      "NATS.Client.Simplified": {
        "type": "Transitive",
        "resolved": "2.6.0",
        "contentHash": "jKd5raeAAW580jn2ZRY78uxU5Zabqnfrd7iocNQSp4MCx8XGxCh76KMOeoGV7x0gdIYZWmZwFD7Bwut1pNJHkA==",
        "dependencies": {
          "NATS.Client.Core": "2.6.0",
          "NATS.Client.Serializers.Json": "2.6.0"
        }
      },
      "Pipelines.Sockets.Unofficial": {
        "type": "Transitive",
        "resolved": "2.2.8",
        "contentHash": "zG2FApP5zxSx6OcdJQLbZDk2AVlN2BNQD6MorwIfV6gVj0RRxWPEp2LXAxqDGZqeNV1Zp0BNPcNaey/GXmTdvQ==",
        "dependencies": {
          "System.IO.Pipelines": "5.0.1"
        }
      },
      "StackExchange.Redis": {
        "type": "Transitive",
        "resolved": "2.7.27",
        "contentHash": "Uqc2OQHglqj9/FfGQ6RkKFkZfHySfZlfmbCl+hc+u2I/IqunfelQ7QJi7ZhvAJxUtu80pildVX6NPLdDaUffOw==",
        "dependencies": {
          "Microsoft.Extensions.Logging.Abstractions": "6.0.0",
          "Pipelines.Sockets.Unofficial": "2.2.8"
        }
      },
      "System.Diagnostics.DiagnosticSource": {
        "type": "Transitive",
        "resolved": "9.0.9",
        "contentHash": "8hy61dsFYYSDjT9iTAfygGMU3A0EAnG69x5FUXeKsCjMhBmtTBt4UMUEW3ipprFoorOW6Jw/7hDMjXtlrsOvVQ=="
      },
      "System.IO.Pipelines": {
        "type": "Transitive",
        "resolved": "9.0.9",
        "contentHash": "VySjpsCLprojvat550Flrm3NQB982CPuDzILajqjQihFmrQXZPdQyktIbcpVPJyaExFYtAfY1DpwMdWQuS0kbw=="
      },
      "System.Net.ServerSentEvents": {
        "type": "Transitive",
        "resolved": "9.0.9",
        "contentHash": "zEISfefh8BYD5m+GMsYJnodiTaz2fDBEOrLgYH7VsQhMIzNkcuSsg9Df/d3zywYX5ohCyCJ5AOax50XLKnXyjw=="
      },
      "System.Text.Encodings.Web": {
        "type": "Transitive",
        "resolved": "9.0.9",
        "contentHash": "bzYTmAcmfelUOCBxvbgsfSr2tq94ydA2gJZAxZRcuNa0LlmlVz8JNHst6RG1qsDujyVYT4vjv06y8sCLbvCXdg=="
      },
      "System.Text.Json": {
        "type": "Transitive",
        "resolved": "9.0.9",
        "contentHash": "NEnpppwq67fRz/OvQRxsEMgetDJsxlxpEsAFO/4PZYbAyAMd4Ol6KS7phc8uDoKPsnbdzRLKobpX303uQwCqdg==",
        "dependencies": {
          "System.IO.Pipelines": "9.0.9",
          "System.Text.Encodings.Web": "9.0.9"
        }
      },
      "System.Threading.Channels": {
        "type": "Transitive",
        "resolved": "9.0.9",
        "contentHash": "AEgG1sVSp3H7oNYoXi350GeUnZdnP38EQHNK0kN5HCC6KoVoEkuTVr40lrVag99pd/NBr3tdNjPFElLLPI5BQg=="
      },
      "stebet.signalr.nats": {
        "type": "Project",
        "dependencies": {
          "MessagePack": "[3.1.3, )",
          "NATS.Net": "[2.6.0, )"
        }
      },
      "stebet.signalr.nats.testserver": {
        "type": "Project",
        "dependencies": {
          "Microsoft.AspNetCore.SignalR.StackExchangeRedis": "[8.0.20, )",
          "Stebet.SignalR.NATS": "[1.0.0, )"
        }
      },
      "MessagePack": {
        "type": "CentralTransitive",
        "requested": "[3.1.3, )",
        "resolved": "3.1.3",
        "contentHash": "UiNv3fknvPzh5W+S0VV96R17RBZQQU71qgmsMnjjRZU2rtQM/XcTnOB+klT2dA6T1mxjnNKYrEm164AoXvGmYg==",
        "dependencies": {
          "MessagePack.Annotations": "3.1.3",
          "MessagePackAnalyzer": "3.1.3",
          "Microsoft.NET.StringTools": "17.11.4"
        }
      },
      "Microsoft.AspNetCore.SignalR.StackExchangeRedis": {
        "type": "CentralTransitive",
        "requested": "[8.0.20, )",
        "resolved": "8.0.20",
        "contentHash": "G7nMOacaSrXxI8EUPGOYc67oPrS5zj9uUL1A8NEsnPKNDhb6yjvz9geP5swWraP4uCtkHcf860zWlCt7oSP0sA==",
        "dependencies": {
          "MessagePack": "2.5.187",
          "Microsoft.Extensions.Options": "8.0.2",
          "StackExchange.Redis": "2.7.27"
        }
      },
      "NATS.Net": {
        "type": "CentralTransitive",
        "requested": "[2.6.0, )",
        "resolved": "2.6.0",
        "contentHash": "rE1jwq7HMLMfOscaC5dOh1VSOrkA4a2EeKnehaFuiygo3VC2g9ONae5KsNSEdioOoHlRq6xDG9Wu4qNa+1tuCQ==",
        "dependencies": {
          "NATS.Client.Core": "2.6.0",
          "NATS.Client.Hosting": "2.6.0",
          "NATS.Client.JetStream": "2.6.0",
          "NATS.Client.KeyValueStore": "2.6.0",
          "NATS.Client.ObjectStore": "2.6.0",
          "NATS.Client.Serializers.Json": "2.6.0",
          "NATS.Client.Services": "2.6.0",
          "NATS.Client.Simplified": "2.6.0"
        }
      }
    }
  }
}