{
  "version": 2,
  "dependencies": {
    "net8.0": {
      "DotNet.ReproducibleBuilds.Isolated": {
        "type": "Direct",
        "requested": "[1.2.25, )",
        "resolved": "1.2.25",
        "contentHash": "jaAno7qr9Cgx+/DitnJXYJ3JGkqhwtH0tgKqeBtAg9kmKayvUH63EELAtxbBZr56ntyuHBfy536FlXu+UpbDlw=="
      },
      "MessagePack": {
        "type": "Direct",
        "requested": "[3.1.3, )",
        "resolved": "3.1.3",
        "contentHash": "UiNv3fknvPzh5W+S0VV96R17RBZQQU71qgmsMnjjRZU2rtQM/XcTnOB+klT2dA6T1mxjnNKYrEm164AoXvGmYg==",
        "dependencies": {
          "MessagePack.Annotations": "3.1.3",
          "MessagePackAnalyzer": "3.1.3",
          "Microsoft.NET.StringTools": "17.11.4"
        }
      },
      "Microsoft.NET.ILLink.Tasks": {
        "type": "Direct",
        "requested": "[8.0.20, )",
        "resolved": "8.0.20",
        "contentHash": "Rhcto2AjGvTO62+/VTmBpumBOmqIGp7nYEbTbmEXkCq4yPGxV8whju3/HsIA/bKyo2+DggaYk5+/8sxb1AbPTw=="
      },
      "NATS.Net": {
        "type": "Direct",
        "requested": "[2.6.0, )",
        "resolved": "2.6.0",
        "contentHash": "rE1jwq7HMLMfOscaC5dOh1VSOrkA4a2EeKnehaFuiygo3VC2g9ONae5KsNSEdioOoHlRq6xDG9Wu4qNa+1tuCQ==",
        "dependencies": {
          "NATS.Client.Core": "2.6.0",
          "NATS.Client.Hosting": "2.6.0",
          "NATS.Client.JetStream": "2.6.0",
          "NATS.Client.KeyValueStore": "2.6.0",
          "NATS.Client.ObjectStore": "2.6.0",
          "NATS.Client.Serializers.Json": "2.6.0",
          "NATS.Client.Services": "2.6.0",
          "NATS.Client.Simplified": "2.6.0"
        }
      },
      "MessagePack.Annotations": {
        "type": "Transitive",
        "resolved": "3.1.3",
        "contentHash": "XTy4njgTAf6UVBKFj7c7ad5R0WVKbvAgkbYZy4f00kplzX2T3VOQ34AUke/Vn/QgQZ7ETdd34/IDWS3KBInSGA=="
      },
      "MessagePackAnalyzer": {
        "type": "Transitive",
        "resolved": "3.1.3",
        "contentHash": "19u1oVNv2brCs5F/jma8O8CnsKMMpYwNqD0CAEDEzvqwDTAhqC9r7xHZP4stPb3APs/ryO/zVn7LvjoEHfvs7Q=="
      },
      "Microsoft.Extensions.Configuration.Abstractions": {
        "type": "Transitive",
        "resolved": "8.0.0",
        "contentHash": "3lE/iLSutpgX1CC0NOW70FJoGARRHbyKmG7dc0klnUZ9Dd9hS6N/POPWhKhMLCEuNN5nXEY5agmlFtH562vqhQ==",
        "dependencies": {
          "Microsoft.Extensions.Primitives": "8.0.0"
        }
      },
      "Microsoft.Extensions.DependencyInjection.Abstractions": {
        "type": "Transitive",
        "resolved": "8.0.0",
        "contentHash": "cjWrLkJXK0rs4zofsK4bSdg+jhDLTaxrkXu4gS6Y7MAlCvRyNNgwY/lJi5RDlQOnSZweHqoyvgvbdvQsRIW+hg=="
      },
      "Microsoft.Extensions.Diagnostics.Abstractions": {
        "type": "Transitive",
        "resolved": "8.0.0",
        "contentHash": "JHYCQG7HmugNYUhOl368g+NMxYE/N/AiclCYRNlgCY9eVyiBkOHMwK4x60RYMxv9EL3+rmj1mqHvdCiPpC+D4Q==",
        "dependencies": {
          "Microsoft.Extensions.DependencyInjection.Abstractions": "8.0.0",
          "Microsoft.Extensions.Options": "8.0.0",
          "System.Diagnostics.DiagnosticSource": "8.0.0"
        }
      },
      "Microsoft.Extensions.FileProviders.Abstractions": {
        "type": "Transitive",
        "resolved": "8.0.0",
        "contentHash": "ZbaMlhJlpisjuWbvXr4LdAst/1XxH3vZ6A0BsgTphZ2L4PGuxRLz7Jr/S7mkAAnOn78Vu0fKhEgNF5JO3zfjqQ==",
        "dependencies": {
          "Microsoft.Extensions.Primitives": "8.0.0"
        }
      },
      "Microsoft.Extensions.Hosting.Abstractions": {
        "type": "Transitive",
        "resolved": "8.0.0",
        "contentHash": "AG7HWwVRdCHlaA++1oKDxLsXIBxmDpMPb3VoyOoAghEWnkUvEAdYQUwnV4jJbAaa/nMYNiEh5ByoLauZBEiovg==",
        "dependencies": {
          "Microsoft.Extensions.Configuration.Abstractions": "8.0.0",
          "Microsoft.Extensions.DependencyInjection.Abstractions": "8.0.0",
          "Microsoft.Extensions.Diagnostics.Abstractions": "8.0.0",
          "Microsoft.Extensions.FileProviders.Abstractions": "8.0.0",
          "Microsoft.Extensions.Logging.Abstractions": "8.0.0"
        }
      },
      "Microsoft.Extensions.Logging.Abstractions": {
        "type": "Transitive",
        "resolved": "8.0.0",
        "contentHash": "arDBqTgFCyS0EvRV7O3MZturChstm50OJ0y9bDJvAcmEPJm0FFpFyjU/JLYyStNGGey081DvnQYlncNX5SJJGA==",
        "dependencies": {
          "Microsoft.Extensions.DependencyInjection.Abstractions": "8.0.0"
        }
      },
      "Microsoft.Extensions.Options": {
        "type": "Transitive",
        "resolved": "8.0.0",
        "contentHash": "JOVOfqpnqlVLUzINQ2fox8evY2SKLYJ3BV8QDe/Jyp21u1T7r45x/R/5QdteURMR5r01GxeJSBBUOCOyaNXA3g==",
        "dependencies": {
          "Microsoft.Extensions.DependencyInjection.Abstractions": "8.0.0",
          "Microsoft.Extensions.Primitives": "8.0.0"
        }
      },
      "Microsoft.Extensions.Primitives": {
        "type": "Transitive",
        "resolved": "8.0.0",
        "contentHash": "bXJEZrW9ny8vjMF1JV253WeLhpEVzFo1lyaZu1vQ4ZxWUlVvknZ/+ftFgVheLubb4eZPSwwxBeqS1JkCOjxd8g=="
      },
      "Microsoft.NET.StringTools": {
        "type": "Transitive",
        "resolved": "17.11.4",
        "contentHash": "mudqUHhNpeqIdJoUx2YDWZO/I9uEDYVowan89R6wsomfnUJQk6HteoQTlNjZDixhT2B4IXMkMtgZtoceIjLRmA=="
      },
      "NATS.Client.Core": {
        "type": "Transitive",
        "resolved": "2.6.0",
        "contentHash": "6mh+fSB9Fx6QfbYRjvswbWDgD04ePBYzB2yIY5GqzyUiUboqxpuOUDO2QOTNkwIqi8IpTMKcySAY+V/DvmvtQA==",
        "dependencies": {
          "Microsoft.Extensions.Logging.Abstractions": "6.0.1",
          "Microsoft.Extensions.Primitives": "6.0.0",
          "System.IO.Pipelines": "8.0.0",
          "System.Text.Json": "8.0.5"
        }
      },
      "NATS.Client.Hosting": {
        "type": "Transitive",
        "resolved": "2.6.0",
        "contentHash": "6pBqDLJL00eWdrcFkNWmTlCATep8fE/NWICtMQLHhgXTY9tf3sfq+7egkE61Z2MB8FgIq3QBPig38MXxVsuZmQ==",
        "dependencies": {
          "Microsoft.Extensions.Hosting.Abstractions": "8.0.0",
          "NATS.Client.Core": "2.6.0"
        }
      },
      "NATS.Client.JetStream": {
        "type": "Transitive",
        "resolved": "2.6.0",
        "contentHash": "3t5UJyN6nnsrDxWBxklNK06rnNL9aEjnzcOHCXRcZpcfFGeWFm4dG5UXtt7WiW69uWY4MHUlOcbuBKh5/rAuSQ==",
        "dependencies": {
          "NATS.Client.Core": "2.6.0"
        }
      },
      "NATS.Client.KeyValueStore": {
        "type": "Transitive",
        "resolved": "2.6.0",
        "contentHash": "/us915HAGYdGAdblH2857w3xapZupmU4vNDODMfysgcg/tLineOtQ2+FqcSrmCVJ6mILngeuHGTk5vghunTpog==",
        "dependencies": {
          "NATS.Client.JetStream": "2.6.0"
        }
      },
      "NATS.Client.ObjectStore": {
        "type": "Transitive",
        "resolved": "2.6.0",
        "contentHash": "+rKIaj3uiibXdh/nqKk6tHfXFwDeslgGFUHgd2RcbQ/rlLJ8eZQp2kFaaRqbAQ4dq1rV0aC10s0vxo9cI35ITg==",
        "dependencies": {
          "NATS.Client.JetStream": "2.6.0"
        }
      },
      "NATS.Client.Serializers.Json": {
        "type": "Transitive",
        "resolved": "2.6.0",
        "contentHash": "56vCnNVvUOh9xqSylBv/QSOATx9RCdLi/p0KgKY+b4CHGMJMD8jaknq39OBHuK4PemH8eVAYCezzz2BWLHnxoQ==",
        "dependencies": {
          "NATS.Client.Core": "2.6.0"
        }
      },
      "NATS.Client.Services": {
        "type": "Transitive",
        "resolved": "2.6.0",
        "contentHash": "STODcsNLqqhBHPuzuPLmdmjkZGKTk6T3iI22zGPlLzIuIjwsR2Qy732LethtqsbV/SW1/iG6Pho6wM1ZWiWuDw==",
        "dependencies": {
          "NATS.Client.Core": "2.6.0"
        }
      },
      "NATS.Client.Simplified": {
        "type": "Transitive",
        "resolved": "2.6.0",
        "contentHash": "jKd5raeAAW580jn2ZRY78uxU5Zabqnfrd7iocNQSp4MCx8XGxCh76KMOeoGV7x0gdIYZWmZwFD7Bwut1pNJHkA==",
        "dependencies": {
          "NATS.Client.Core": "2.6.0",
          "NATS.Client.Serializers.Json": "2.6.0"
        }
      },
      "System.Diagnostics.DiagnosticSource": {
        "type": "Transitive",
        "resolved": "8.0.0",
        "contentHash": "c9xLpVz6PL9lp/djOWtk5KPDZq3cSYpmXoJQY524EOtuFl5z9ZtsotpsyrDW40U1DRnQSYvcPKEUV0X//u6gkQ=="
      },
      "System.IO.Pipelines": {
        "type": "Transitive",
        "resolved": "8.0.0",
        "contentHash": "FHNOatmUq0sqJOkTx+UF/9YK1f180cnW5FVqnQMvYUN0elp6wFzbtPSiqbo1/ru8ICp43JM1i7kKkk6GsNGHlA=="
      },
      "System.Text.Json": {
        "type": "Transitive",
        "resolved": "8.0.5",
        "contentHash": "0f1B50Ss7rqxXiaBJyzUu9bWFOO2/zSlifZ/UNMdiIpDYe4cY4LQQicP4nirK1OS31I43rn062UIJ1Q9bpmHpg=="
      }
    },
    "net9.0": {
      "DotNet.ReproducibleBuilds.Isolated": {
        "type": "Direct",
        "requested": "[1.2.25, )",
        "resolved": "1.2.25",
        "contentHash": "jaAno7qr9Cgx+/DitnJXYJ3JGkqhwtH0tgKqeBtAg9kmKayvUH63EELAtxbBZr56ntyuHBfy536FlXu+UpbDlw=="
      },
      "MessagePack": {
        "type": "Direct",
        "requested": "[3.1.3, )",
        "resolved": "3.1.3",
        "contentHash": "UiNv3fknvPzh5W+S0VV96R17RBZQQU71qgmsMnjjRZU2rtQM/XcTnOB+klT2dA6T1mxjnNKYrEm164AoXvGmYg==",
        "dependencies": {
          "MessagePack.Annotations": "3.1.3",
          "MessagePackAnalyzer": "3.1.3",
          "Microsoft.NET.StringTools": "17.11.4"
        }
      },
      "Microsoft.NET.ILLink.Tasks": {
        "type": "Direct",
        "requested": "[9.0.9, )",
        "resolved": "9.0.9",
        "contentHash": "cHi1os/s6aobEgNkbOh/jW+ru//rHuedvj4PmTh2mMY7et/mJjqphBeXeKCesDvMd0+E2JyX9EPZZC4VRKslXg=="
      },
      "NATS.Net": {
        "type": "Direct",
        "requested": "[2.6.0, )",
        "resolved": "2.6.0",
        "contentHash": "rE1jwq7HMLMfOscaC5dOh1VSOrkA4a2EeKnehaFuiygo3VC2g9ONae5KsNSEdioOoHlRq6xDG9Wu4qNa+1tuCQ==",
        "dependencies": {
          "NATS.Client.Core": "2.6.0",
          "NATS.Client.Hosting": "2.6.0",
          "NATS.Client.JetStream": "2.6.0",
          "NATS.Client.KeyValueStore": "2.6.0",
          "NATS.Client.ObjectStore": "2.6.0",
          "NATS.Client.Serializers.Json": "2.6.0",
          "NATS.Client.Services": "2.6.0",
          "NATS.Client.Simplified": "2.6.0"
        }
      },
      "MessagePack.Annotations": {
        "type": "Transitive",
        "resolved": "3.1.3",
        "contentHash": "XTy4njgTAf6UVBKFj7c7ad5R0WVKbvAgkbYZy4f00kplzX2T3VOQ34AUke/Vn/QgQZ7ETdd34/IDWS3KBInSGA=="
      },
      "MessagePackAnalyzer": {
        "type": "Transitive",
        "resolved": "3.1.3",
        "contentHash": "19u1oVNv2brCs5F/jma8O8CnsKMMpYwNqD0CAEDEzvqwDTAhqC9r7xHZP4stPb3APs/ryO/zVn7LvjoEHfvs7Q=="
      },
      "Microsoft.Extensions.Configuration.Abstractions": {
        "type": "Transitive",
        "resolved": "8.0.0",
        "contentHash": "3lE/iLSutpgX1CC0NOW70FJoGARRHbyKmG7dc0klnUZ9Dd9hS6N/POPWhKhMLCEuNN5nXEY5agmlFtH562vqhQ==",
        "dependencies": {
          "Microsoft.Extensions.Primitives": "8.0.0"
        }
      },
      "Microsoft.Extensions.DependencyInjection.Abstractions": {
        "type": "Transitive",
        "resolved": "8.0.0",
        "contentHash": "cjWrLkJXK0rs4zofsK4bSdg+jhDLTaxrkXu4gS6Y7MAlCvRyNNgwY/lJi5RDlQOnSZweHqoyvgvbdvQsRIW+hg=="
      },
      "Microsoft.Extensions.Diagnostics.Abstractions": {
        "type": "Transitive",
        "resolved": "8.0.0",
        "contentHash": "JHYCQG7HmugNYUhOl368g+NMxYE/N/AiclCYRNlgCY9eVyiBkOHMwK4x60RYMxv9EL3+rmj1mqHvdCiPpC+D4Q==",
        "dependencies": {
          "Microsoft.Extensions.DependencyInjection.Abstractions": "8.0.0",
          "Microsoft.Extensions.Options": "8.0.0",
          "System.Diagnostics.DiagnosticSource": "8.0.0"
        }
      },
      "Microsoft.Extensions.FileProviders.Abstractions": {
        "type": "Transitive",
        "resolved": "8.0.0",
        "contentHash": "ZbaMlhJlpisjuWbvXr4LdAst/1XxH3vZ6A0BsgTphZ2L4PGuxRLz7Jr/S7mkAAnOn78Vu0fKhEgNF5JO3zfjqQ==",
        "dependencies": {
          "Microsoft.Extensions.Primitives": "8.0.0"
        }
      },
      "Microsoft.Extensions.Hosting.Abstractions": {
        "type": "Transitive",
        "resolved": "8.0.0",
        "contentHash": "AG7HWwVRdCHlaA++1oKDxLsXIBxmDpMPb3VoyOoAghEWnkUvEAdYQUwnV4jJbAaa/nMYNiEh5ByoLauZBEiovg==",
        "dependencies": {
          "Microsoft.Extensions.Configuration.Abstractions": "8.0.0",
          "Microsoft.Extensions.DependencyInjection.Abstractions": "8.0.0",
          "Microsoft.Extensions.Diagnostics.Abstractions": "8.0.0",
          "Microsoft.Extensions.FileProviders.Abstractions": "8.0.0",
          "Microsoft.Extensions.Logging.Abstractions": "8.0.0"
        }
      },
      "Microsoft.Extensions.Logging.Abstractions": {
        "type": "Transitive",
        "resolved": "8.0.0",
        "contentHash": "arDBqTgFCyS0EvRV7O3MZturChstm50OJ0y9bDJvAcmEPJm0FFpFyjU/JLYyStNGGey081DvnQYlncNX5SJJGA==",
        "dependencies": {
          "Microsoft.Extensions.DependencyInjection.Abstractions": "8.0.0"
        }
      },
      "Microsoft.Extensions.Options": {
        "type": "Transitive",
        "resolved": "8.0.0",
        "contentHash": "JOVOfqpnqlVLUzINQ2fox8evY2SKLYJ3BV8QDe/Jyp21u1T7r45x/R/5QdteURMR5r01GxeJSBBUOCOyaNXA3g==",
        "dependencies": {
          "Microsoft.Extensions.DependencyInjection.Abstractions": "8.0.0",
          "Microsoft.Extensions.Primitives": "8.0.0"
        }
      },
      "Microsoft.Extensions.Primitives": {
        "type": "Transitive",
        "resolved": "8.0.0",
        "contentHash": "bXJEZrW9ny8vjMF1JV253WeLhpEVzFo1lyaZu1vQ4ZxWUlVvknZ/+ftFgVheLubb4eZPSwwxBeqS1JkCOjxd8g=="
      },
      "Microsoft.NET.StringTools": {
        "type": "Transitive",
        "resolved": "17.11.4",
        "contentHash": "mudqUHhNpeqIdJoUx2YDWZO/I9uEDYVowan89R6wsomfnUJQk6HteoQTlNjZDixhT2B4IXMkMtgZtoceIjLRmA=="
      },
      "NATS.Client.Core": {
        "type": "Transitive",
        "resolved": "2.6.0",
        "contentHash": "6mh+fSB9Fx6QfbYRjvswbWDgD04ePBYzB2yIY5GqzyUiUboqxpuOUDO2QOTNkwIqi8IpTMKcySAY+V/DvmvtQA==",
        "dependencies": {
          "Microsoft.Extensions.Logging.Abstractions": "6.0.1",
          "Microsoft.Extensions.Primitives": "6.0.0",
          "System.IO.Pipelines": "8.0.0",
          "System.Text.Json": "8.0.5"
        }
      },
      "NATS.Client.Hosting": {
        "type": "Transitive",
        "resolved": "2.6.0",
        "contentHash": "6pBqDLJL00eWdrcFkNWmTlCATep8fE/NWICtMQLHhgXTY9tf3sfq+7egkE61Z2MB8FgIq3QBPig38MXxVsuZmQ==",
        "dependencies": {
          "Microsoft.Extensions.Hosting.Abstractions": "8.0.0",
          "NATS.Client.Core": "2.6.0"
        }
      },
      "NATS.Client.JetStream": {
        "type": "Transitive",
        "resolved": "2.6.0",
        "contentHash": "3t5UJyN6nnsrDxWBxklNK06rnNL9aEjnzcOHCXRcZpcfFGeWFm4dG5UXtt7WiW69uWY4MHUlOcbuBKh5/rAuSQ==",
        "dependencies": {
          "NATS.Client.Core": "2.6.0"
        }
      },
      "NATS.Client.KeyValueStore": {
        "type": "Transitive",
        "resolved": "2.6.0",
        "contentHash": "/us915HAGYdGAdblH2857w3xapZupmU4vNDODMfysgcg/tLineOtQ2+FqcSrmCVJ6mILngeuHGTk5vghunTpog==",
        "dependencies": {
          "NATS.Client.JetStream": "2.6.0"
        }
      },
      "NATS.Client.ObjectStore": {
        "type": "Transitive",
        "resolved": "2.6.0",
        "contentHash": "+rKIaj3uiibXdh/nqKk6tHfXFwDeslgGFUHgd2RcbQ/rlLJ8eZQp2kFaaRqbAQ4dq1rV0aC10s0vxo9cI35ITg==",
        "dependencies": {
          "NATS.Client.JetStream": "2.6.0"
        }
      },
      "NATS.Client.Serializers.Json": {
        "type": "Transitive",
        "resolved": "2.6.0",
        "contentHash": "56vCnNVvUOh9xqSylBv/QSOATx9RCdLi/p0KgKY+b4CHGMJMD8jaknq39OBHuK4PemH8eVAYCezzz2BWLHnxoQ==",
        "dependencies": {
          "NATS.Client.Core": "2.6.0"
        }
      },
      "NATS.Client.Services": {
        "type": "Transitive",
        "resolved": "2.6.0",
        "contentHash": "STODcsNLqqhBHPuzuPLmdmjkZGKTk6T3iI22zGPlLzIuIjwsR2Qy732LethtqsbV/SW1/iG6Pho6wM1ZWiWuDw==",
        "dependencies": {
          "NATS.Client.Core": "2.6.0"
        }
      },
      "NATS.Client.Simplified": {
        "type": "Transitive",
        "resolved": "2.6.0",
        "contentHash": "jKd5raeAAW580jn2ZRY78uxU5Zabqnfrd7iocNQSp4MCx8XGxCh76KMOeoGV7x0gdIYZWmZwFD7Bwut1pNJHkA==",
        "dependencies": {
          "NATS.Client.Core": "2.6.0",
          "NATS.Client.Serializers.Json": "2.6.0"
        }
      },
      "System.Diagnostics.DiagnosticSource": {
        "type": "Transitive",
        "resolved": "8.0.0",
        "contentHash": "c9xLpVz6PL9lp/djOWtk5KPDZq3cSYpmXoJQY524EOtuFl5z9ZtsotpsyrDW40U1DRnQSYvcPKEUV0X//u6gkQ=="
      },
      "System.IO.Pipelines": {
        "type": "Transitive",
        "resolved": "8.0.0",
        "contentHash": "FHNOatmUq0sqJOkTx+UF/9YK1f180cnW5FVqnQMvYUN0elp6wFzbtPSiqbo1/ru8ICp43JM1i7kKkk6GsNGHlA=="
      },
      "System.Text.Json": {
        "type": "Transitive",
        "resolved": "8.0.5",
        "contentHash": "0f1B50Ss7rqxXiaBJyzUu9bWFOO2/zSlifZ/UNMdiIpDYe4cY4LQQicP4nirK1OS31I43rn062UIJ1Q9bpmHpg=="
      }
    }
  }
}