{
  "version": 2,
  "dependencies": {
    "net10.0": {
      "DotNet.ReproducibleBuilds.Isolated": {
        "type": "Direct",
        "requested": "[2.0.2, )",
        "resolved": "2.0.2",
        "contentHash": "5jWfUacx6T8solcE3qkhigeCLz/PK50MOgmyf3aauKZP8LxOC2b7wmXU65Okx+9n0Nd355ShrDZ0NIKK4njvag=="
      },
      "MessagePack": {
        "type": "Direct",
        "requested": "[3.1.4, )",
        "resolved": "3.1.4",
        "contentHash": "BH0wlHWmVoZpbAPyyt2Awbq30C+ZsS3eHSkYdnyUAbqVJ22fAJDzn2xTieBeoT5QlcBzp61vHcv878YJGfi3mg==",
        "dependencies": {
          "MessagePack.Annotations": "3.1.4",
          "MessagePackAnalyzer": "3.1.4",
          "Microsoft.NET.StringTools": "17.11.4"
        }
      },
      "Microsoft.NET.ILLink.Tasks": {
        "type": "Direct",
        "requested": "[10.0.2, )",
        "resolved": "10.0.2",
        "contentHash": "sXdDtMf2qcnbygw9OdE535c2lxSxrZP8gO4UhDJ0xiJbl1wIqXS1OTcTDFTIJPOFd6Mhcm8gPEthqWGUxBsTqw=="
      },
      "NATS.Net": {
        "type": "Direct",
        "requested": "[2.7.2, )",
        "resolved": "2.7.2",
        "contentHash": "6B8RlcstYwgoKm9IXcZEDADpH93Hn6+LcvR8hvmFa8jzwshNlIArv8tL5jelJD+fQmnlymKoQYcZ5cL7J1bITw==",
        "dependencies": {
          "NATS.Client.Core": "2.7.2",
          "NATS.Client.Hosting": "2.7.2",
          "NATS.Client.JetStream": "2.7.2",
          "NATS.Client.KeyValueStore": "2.7.2",
          "NATS.Client.ObjectStore": "2.7.2",
          "NATS.Client.Serializers.Json": "2.7.2",
          "NATS.Client.Services": "2.7.2",
          "NATS.Client.Simplified": "2.7.2"
        }
      },
      "MessagePack.Annotations": {
        "type": "Transitive",
        "resolved": "3.1.4",
        "contentHash": "aVWrDAkCdqxwQsz/q0ldPh2EFn48M99YUzE9OvZjMq2RNLKz4o2z88iGFvSvbMqOWRweRvKPHBJZe22PRqzslQ=="
      },
      "MessagePackAnalyzer": {
        "type": "Transitive",
        "resolved": "3.1.4",
        "contentHash": "CTaSsN/liJ7MhLCAB7Z4ZLBNuVGCq9lt2BT/cbrc9vzGv89yK3CqIA+z9T19a11eQYl9etZHL6MQJgCqECRVpg=="
      },
      "Microsoft.NET.StringTools": {
        "type": "Transitive",
        "resolved": "17.11.4",
        "contentHash": "mudqUHhNpeqIdJoUx2YDWZO/I9uEDYVowan89R6wsomfnUJQk6HteoQTlNjZDixhT2B4IXMkMtgZtoceIjLRmA=="
      },
      "NATS.Client.Abstractions": {
        "type": "Transitive",
        "resolved": "2.7.2",
        "contentHash": "rmTLKjqNCgmloOFRYkg9NRrYXFKpjqlxbbCQrCEYckiRtU8I38Vf9B3sT7wiG34lmc//l0hLQLQRv9emcDjRvA=="
      },
      "NATS.Client.Core": {
        "type": "Transitive",
        "resolved": "2.7.2",
        "contentHash": "la0KCjuoMkOQkhf+uzIc+79GYxx2q6LBoFOT+q91LhpziPJbRgtKRBpvCkAmd+1GuYdB+IZmUAgXVp2Z+Fk7kQ==",
        "dependencies": {
          "NATS.Client.Abstractions": "2.7.2"
        }
      },
      "NATS.Client.Hosting": {
        "type": "Transitive",
        "resolved": "2.7.2",
        "contentHash": "cH5JY3x57knW6kIrmVRe0e1FsJZOa2rMxeEzpGsomuMyELjCZAjU2swV4VlT9ZCk4tiHrafXn14icX8UoQyDmQ==",
        "dependencies": {
          "NATS.Client.Core": "2.7.2"
        }
      },
      "NATS.Client.JetStream": {
        "type": "Transitive",
        "resolved": "2.7.2",
        "contentHash": "1naI0Z42QYke5qFWkuYnJ59V5jX0471/Wa06jbqQtoCmPUMbDZwL/zGPvWyMk+Cz02VuYJlhSMwE+Gw8nQJFVQ==",
        "dependencies": {
          "NATS.Client.Core": "2.7.2"
        }
      },
      "NATS.Client.KeyValueStore": {
        "type": "Transitive",
        "resolved": "2.7.2",
        "contentHash": "ZZpkiu+C02alZGJMslEmOlo3yZxil2siu5etEMUbHrAo4uZmeUVhRqu8+eoKpc5q5Bb23yqgHnFhDwb7DmoeoA==",
        "dependencies": {
          "NATS.Client.JetStream": "2.7.2"
        }
      },
      "NATS.Client.ObjectStore": {
        "type": "Transitive",
        "resolved": "2.7.2",
        "contentHash": "nOyKFnnYB6ZP4dU9z+rZcSdw9yr9vWv0hTYBwd80jL02RBruF/uL6ot3Pj/IAEXcYfldrz43il3IAyvV1Uzc3g==",
        "dependencies": {
          "NATS.Client.JetStream": "2.7.2"
        }
      },
      "NATS.Client.Serializers.Json": {
        "type": "Transitive",
        "resolved": "2.7.2",
        "contentHash": "aWRhN7xMfH3bVtUCUBmZGjBS7WtciLUGowJDjCg1Lw+lP9wZpBiqUFg2J50jxv7PiwJzxaEdNbZgAQ78P0PWqA==",
        "dependencies": {
          "NATS.Client.Abstractions": "2.7.2"
        }
      },
      "NATS.Client.Services": {
        "type": "Transitive",
        "resolved": "2.7.2",
        "contentHash": "RXXMfgojmi2UTNMJlyEW2gn9x7OBjITz31WyQ4Jziz+y0dNljUbSmCL3wcnIrChVhNNp/QEvpUYbhS2t1GxCEg==",
        "dependencies": {
          "NATS.Client.Core": "2.7.2"
        }
      },
      "NATS.Client.Simplified": {
        "type": "Transitive",
        "resolved": "2.7.2",
        "contentHash": "SW1PrEPBBMIrJ5ARIzL+chr5yhYySWQkDsDB9d9sJWgb2tkZ0tzYE+RFIrRoa38TgeAT6BV5zTYg26U912vl1w==",
        "dependencies": {
          "NATS.Client.Core": "2.7.2",
          "NATS.Client.Serializers.Json": "2.7.2"
        }
      }
    },
    "net9.0": {
      "DotNet.ReproducibleBuilds.Isolated": {
        "type": "Direct",
        "requested": "[2.0.2, )",
        "resolved": "2.0.2",
        "contentHash": "5jWfUacx6T8solcE3qkhigeCLz/PK50MOgmyf3aauKZP8LxOC2b7wmXU65Okx+9n0Nd355ShrDZ0NIKK4njvag=="
      },
      "MessagePack": {
        "type": "Direct",
        "requested": "[3.1.4, )",
        "resolved": "3.1.4",
        "contentHash": "BH0wlHWmVoZpbAPyyt2Awbq30C+ZsS3eHSkYdnyUAbqVJ22fAJDzn2xTieBeoT5QlcBzp61vHcv878YJGfi3mg==",
        "dependencies": {
          "MessagePack.Annotations": "3.1.4",
          "MessagePackAnalyzer": "3.1.4",
          "Microsoft.NET.StringTools": "17.11.4"
        }
      },
      "Microsoft.NET.ILLink.Tasks": {
        "type": "Direct",
        "requested": "[9.0.12, )",
        "resolved": "9.0.12",
        "contentHash": "StA3kyImQHqDo8A8ZHaSxgASbEuT5UIqgeCvK5SzUPj//xE1QSys421J9pEs4cYuIVwq7CJvWSKxtyH7aPr1LA=="
      },
      "NATS.Net": {
        "type": "Direct",
        "requested": "[2.7.2, )",
        "resolved": "2.7.2",
        "contentHash": "6B8RlcstYwgoKm9IXcZEDADpH93Hn6+LcvR8hvmFa8jzwshNlIArv8tL5jelJD+fQmnlymKoQYcZ5cL7J1bITw==",
        "dependencies": {
          "NATS.Client.Core": "2.7.2",
          "NATS.Client.Hosting": "2.7.2",
          "NATS.Client.JetStream": "2.7.2",
          "NATS.Client.KeyValueStore": "2.7.2",
          "NATS.Client.ObjectStore": "2.7.2",
          "NATS.Client.Serializers.Json": "2.7.2",
          "NATS.Client.Services": "2.7.2",
          "NATS.Client.Simplified": "2.7.2"
        }
      },
      "MessagePack.Annotations": {
        "type": "Transitive",
        "resolved": "3.1.4",
        "contentHash": "aVWrDAkCdqxwQsz/q0ldPh2EFn48M99YUzE9OvZjMq2RNLKz4o2z88iGFvSvbMqOWRweRvKPHBJZe22PRqzslQ=="
      },
      "MessagePackAnalyzer": {
        "type": "Transitive",
        "resolved": "3.1.4",
        "contentHash": "CTaSsN/liJ7MhLCAB7Z4ZLBNuVGCq9lt2BT/cbrc9vzGv89yK3CqIA+z9T19a11eQYl9etZHL6MQJgCqECRVpg=="
      },
      "Microsoft.NET.StringTools": {
        "type": "Transitive",
        "resolved": "17.11.4",
        "contentHash": "mudqUHhNpeqIdJoUx2YDWZO/I9uEDYVowan89R6wsomfnUJQk6HteoQTlNjZDixhT2B4IXMkMtgZtoceIjLRmA=="
      },
      "NATS.Client.Abstractions": {
        "type": "Transitive",
        "resolved": "2.7.2",
        "contentHash": "rmTLKjqNCgmloOFRYkg9NRrYXFKpjqlxbbCQrCEYckiRtU8I38Vf9B3sT7wiG34lmc//l0hLQLQRv9emcDjRvA=="
      },
      "NATS.Client.Core": {
        "type": "Transitive",
        "resolved": "2.7.2",
        "contentHash": "la0KCjuoMkOQkhf+uzIc+79GYxx2q6LBoFOT+q91LhpziPJbRgtKRBpvCkAmd+1GuYdB+IZmUAgXVp2Z+Fk7kQ==",
        "dependencies": {
          "NATS.Client.Abstractions": "2.7.2"
        }
      },
      "NATS.Client.Hosting": {
        "type": "Transitive",
        "resolved": "2.7.2",
        "contentHash": "cH5JY3x57knW6kIrmVRe0e1FsJZOa2rMxeEzpGsomuMyELjCZAjU2swV4VlT9ZCk4tiHrafXn14icX8UoQyDmQ==",
        "dependencies": {
          "NATS.Client.Core": "2.7.2"
        }
      },
      "NATS.Client.JetStream": {
        "type": "Transitive",
        "resolved": "2.7.2",
        "contentHash": "1naI0Z42QYke5qFWkuYnJ59V5jX0471/Wa06jbqQtoCmPUMbDZwL/zGPvWyMk+Cz02VuYJlhSMwE+Gw8nQJFVQ==",
        "dependencies": {
          "NATS.Client.Core": "2.7.2"
        }
      },
      "NATS.Client.KeyValueStore": {
        "type": "Transitive",
        "resolved": "2.7.2",
        "contentHash": "ZZpkiu+C02alZGJMslEmOlo3yZxil2siu5etEMUbHrAo4uZmeUVhRqu8+eoKpc5q5Bb23yqgHnFhDwb7DmoeoA==",
        "dependencies": {
          "NATS.Client.JetStream": "2.7.2"
        }
      },
      "NATS.Client.ObjectStore": {
        "type": "Transitive",
        "resolved": "2.7.2",
        "contentHash": "nOyKFnnYB6ZP4dU9z+rZcSdw9yr9vWv0hTYBwd80jL02RBruF/uL6ot3Pj/IAEXcYfldrz43il3IAyvV1Uzc3g==",
        "dependencies": {
          "NATS.Client.JetStream": "2.7.2"
        }
      },
      "NATS.Client.Serializers.Json": {
        "type": "Transitive",
        "resolved": "2.7.2",
        "contentHash": "aWRhN7xMfH3bVtUCUBmZGjBS7WtciLUGowJDjCg1Lw+lP9wZpBiqUFg2J50jxv7PiwJzxaEdNbZgAQ78P0PWqA==",
        "dependencies": {
          "NATS.Client.Abstractions": "2.7.2"
        }
      },
      "NATS.Client.Services": {
        "type": "Transitive",
        "resolved": "2.7.2",
        "contentHash": "RXXMfgojmi2UTNMJlyEW2gn9x7OBjITz31WyQ4Jziz+y0dNljUbSmCL3wcnIrChVhNNp/QEvpUYbhS2t1GxCEg==",
        "dependencies": {
          "NATS.Client.Core": "2.7.2"
        }
      },
      "NATS.Client.Simplified": {
        "type": "Transitive",
        "resolved": "2.7.2",
        "contentHash": "SW1PrEPBBMIrJ5ARIzL+chr5yhYySWQkDsDB9d9sJWgb2tkZ0tzYE+RFIrRoa38TgeAT6BV5zTYg26U912vl1w==",
        "dependencies": {
          "NATS.Client.Core": "2.7.2",
          "NATS.Client.Serializers.Json": "2.7.2"
        }
      }
    }
  }
}